<?xml version="1.0" encoding="UTF-8"?>
<CodeBlocks_project_file>
	<FileVersion major="1" minor="6"/>
	<Project>
		<Option title="nms_cuda"/>
		<Option makefile_is_custom="1"/>
		<Option compiler="gcc"/>
		<Option virtualFolders="CMake Files\;CMake Files\..\;CMake Files\..\..\;CMake Files\..\..\..\;CMake Files\..\..\..\..\;CMake Files\..\..\..\..\3rdparty\;CMake Files\..\..\..\..\3rdparty\libtorch\;CMake Files\..\..\..\..\3rdparty\libtorch\share\;CMake Files\..\..\..\..\3rdparty\libtorch\share\cmake\;CMake Files\..\..\..\..\3rdparty\libtorch\share\cmake\Torch\;CMake Files\..\..\..\..\3rdparty\libtorch\share\cmake\Caffe2\;CMake Files\..\..\..\..\3rdparty\libtorch\share\cmake\Caffe2\public\;CMake Files\..\..\..\..\3rdparty\libtorch\share\cmake\Caffe2\Modules_CUDA_fix\;CMake Files\..\..\..\..\3rdparty\libtorch\share\cmake\Caffe2\Modules_CUDA_fix\upstream\;CMake Files\..\..\..\..\3rdparty\libtorch\share\cmake\Caffe2\Modules_CUDA_fix\upstream\FindCUDA\;"/>
		<Build>
			<Target title="all">
				<Option working_dir="/home/dl/Project/mmdetection_libtorch/src/bbox"/>
				<Option type="4"/>
				<MakeCommands>
					<Build command="/usr/bin/make -j6 -f &quot;/home/dl/Project/mmdetection_libtorch/src/bbox/Makefile&quot;  VERBOSE=1 all"/>
					<CompileFile command="/usr/bin/make -j6 -f &quot;/home/dl/Project/mmdetection_libtorch/src/bbox/Makefile&quot;  VERBOSE=1 &quot;$file&quot;"/>
					<Clean command="/usr/bin/make -j6 -f &quot;/home/dl/Project/mmdetection_libtorch/src/bbox/Makefile&quot;  VERBOSE=1 clean"/>
					<DistClean command="/usr/bin/make -j6 -f &quot;/home/dl/Project/mmdetection_libtorch/src/bbox/Makefile&quot;  VERBOSE=1 clean"/>
				</MakeCommands>
			</Target>
			<Target title="rebuild_cache">
				<Option working_dir="/home/dl/Project/mmdetection_libtorch/src/bbox"/>
				<Option type="4"/>
				<MakeCommands>
					<Build command="/usr/bin/make -j6 -f &quot;/home/dl/Project/mmdetection_libtorch/src/bbox/Makefile&quot;  VERBOSE=1 rebuild_cache"/>
					<CompileFile command="/usr/bin/make -j6 -f &quot;/home/dl/Project/mmdetection_libtorch/src/bbox/Makefile&quot;  VERBOSE=1 &quot;$file&quot;"/>
					<Clean command="/usr/bin/make -j6 -f &quot;/home/dl/Project/mmdetection_libtorch/src/bbox/Makefile&quot;  VERBOSE=1 clean"/>
					<DistClean command="/usr/bin/make -j6 -f &quot;/home/dl/Project/mmdetection_libtorch/src/bbox/Makefile&quot;  VERBOSE=1 clean"/>
				</MakeCommands>
			</Target>
			<Target title="edit_cache">
				<Option working_dir="/home/dl/Project/mmdetection_libtorch/src/bbox"/>
				<Option type="4"/>
				<MakeCommands>
					<Build command="/usr/bin/make -j6 -f &quot;/home/dl/Project/mmdetection_libtorch/src/bbox/Makefile&quot;  VERBOSE=1 edit_cache"/>
					<CompileFile command="/usr/bin/make -j6 -f &quot;/home/dl/Project/mmdetection_libtorch/src/bbox/Makefile&quot;  VERBOSE=1 &quot;$file&quot;"/>
					<Clean command="/usr/bin/make -j6 -f &quot;/home/dl/Project/mmdetection_libtorch/src/bbox/Makefile&quot;  VERBOSE=1 clean"/>
					<DistClean command="/usr/bin/make -j6 -f &quot;/home/dl/Project/mmdetection_libtorch/src/bbox/Makefile&quot;  VERBOSE=1 clean"/>
				</MakeCommands>
			</Target>
			<Target title="nms">
				<Option output="/home/dl/Project/mmdetection_libtorch/src/bbox/libnms.so" prefix_auto="0" extension_auto="0"/>
				<Option working_dir="/home/dl/Project/mmdetection_libtorch/src/bbox"/>
				<Option object_output="./"/>
				<Option type="3"/>
				<Option compiler="gcc"/>
				<Compiler>
					<Add option="-DGPU_CUDA"/>
					<Add directory="/usr/local/cuda/include"/>
					<Add directory="/home/dl/3rdparty/libtorch/include"/>
					<Add directory="/home/dl/3rdparty/libtorch/include/torch/csrc/api/include"/>
					<Add directory="/usr/include/c++/7"/>
					<Add directory="/usr/include/x86_64-linux-gnu/c++/7"/>
					<Add directory="/usr/include/c++/7/backward"/>
					<Add directory="/usr/lib/gcc/x86_64-linux-gnu/7/include"/>
					<Add directory="/usr/local/include"/>
					<Add directory="/usr/lib/gcc/x86_64-linux-gnu/7/include-fixed"/>
					<Add directory="/usr/include/x86_64-linux-gnu"/>
					<Add directory="/usr/include"/>
				</Compiler>
				<MakeCommands>
					<Build command="/usr/bin/make -j6 -f &quot;/home/dl/Project/mmdetection_libtorch/src/bbox/Makefile&quot;  VERBOSE=1 nms"/>
					<CompileFile command="/usr/bin/make -j6 -f &quot;/home/dl/Project/mmdetection_libtorch/src/bbox/Makefile&quot;  VERBOSE=1 &quot;$file&quot;"/>
					<Clean command="/usr/bin/make -j6 -f &quot;/home/dl/Project/mmdetection_libtorch/src/bbox/Makefile&quot;  VERBOSE=1 clean"/>
					<DistClean command="/usr/bin/make -j6 -f &quot;/home/dl/Project/mmdetection_libtorch/src/bbox/Makefile&quot;  VERBOSE=1 clean"/>
				</MakeCommands>
			</Target>
			<Target title="nms/fast">
				<Option output="/home/dl/Project/mmdetection_libtorch/src/bbox/libnms.so" prefix_auto="0" extension_auto="0"/>
				<Option working_dir="/home/dl/Project/mmdetection_libtorch/src/bbox"/>
				<Option object_output="./"/>
				<Option type="3"/>
				<Option compiler="gcc"/>
				<Compiler>
					<Add option="-DGPU_CUDA"/>
					<Add directory="/usr/local/cuda/include"/>
					<Add directory="/home/dl/3rdparty/libtorch/include"/>
					<Add directory="/home/dl/3rdparty/libtorch/include/torch/csrc/api/include"/>
					<Add directory="/usr/include/c++/7"/>
					<Add directory="/usr/include/x86_64-linux-gnu/c++/7"/>
					<Add directory="/usr/include/c++/7/backward"/>
					<Add directory="/usr/lib/gcc/x86_64-linux-gnu/7/include"/>
					<Add directory="/usr/local/include"/>
					<Add directory="/usr/lib/gcc/x86_64-linux-gnu/7/include-fixed"/>
					<Add directory="/usr/include/x86_64-linux-gnu"/>
					<Add directory="/usr/include"/>
				</Compiler>
				<MakeCommands>
					<Build command="/usr/bin/make -j6 -f &quot;/home/dl/Project/mmdetection_libtorch/src/bbox/Makefile&quot;  VERBOSE=1 nms/fast"/>
					<CompileFile command="/usr/bin/make -j6 -f &quot;/home/dl/Project/mmdetection_libtorch/src/bbox/Makefile&quot;  VERBOSE=1 &quot;$file&quot;"/>
					<Clean command="/usr/bin/make -j6 -f &quot;/home/dl/Project/mmdetection_libtorch/src/bbox/Makefile&quot;  VERBOSE=1 clean"/>
					<DistClean command="/usr/bin/make -j6 -f &quot;/home/dl/Project/mmdetection_libtorch/src/bbox/Makefile&quot;  VERBOSE=1 clean"/>
				</MakeCommands>
			</Target>
		</Build>
		<Unit filename="/home/dl/Project/mmdetection_libtorch/src/bbox/CMakeFiles/nms.dir/nms_generated_nms_kernel.cu.o">
			<Option target="nms"/>
		</Unit>
		<Unit filename="/home/dl/Project/mmdetection_libtorch/src/bbox/nms_kernel.cu">
			<Option target="nms"/>
		</Unit>
		<Unit filename="/home/dl/Project/mmdetection_libtorch/src/bbox/nms_kernel.h">
			<Option target="nms"/>
		</Unit>
		<Unit filename="/home/dl/Project/mmdetection_libtorch/src/bbox/CMakeLists.txt">
			<Option virtualFolder="CMake Files\"/>
		</Unit>
		<Unit filename="/home/dl/Project/mmdetection_libtorch/src/bbox/detect_cuda_compute_capabilities.cpp">
			<Option virtualFolder="CMake Files\"/>
		</Unit>
		<Unit filename="/home/dl/Project/mmdetection_libtorch/src/bbox/detect_cuda_version.cc">
			<Option virtualFolder="CMake Files\"/>
		</Unit>
		<Unit filename="/home/dl/Project/mmdetection_libtorch/src/bbox/../../../../3rdparty/libtorch/share/cmake/Torch/TorchConfig.cmake">
			<Option virtualFolder="CMake Files\..\..\..\..\3rdparty\libtorch\share\cmake\Torch\"/>
		</Unit>
		<Unit filename="/home/dl/Project/mmdetection_libtorch/src/bbox/../../../../3rdparty/libtorch/share/cmake/Torch/TorchConfigVersion.cmake">
			<Option virtualFolder="CMake Files\..\..\..\..\3rdparty\libtorch\share\cmake\Torch\"/>
		</Unit>
		<Unit filename="/home/dl/Project/mmdetection_libtorch/src/bbox/../../../../3rdparty/libtorch/share/cmake/Caffe2/Caffe2Config.cmake">
			<Option virtualFolder="CMake Files\..\..\..\..\3rdparty\libtorch\share\cmake\Caffe2\"/>
		</Unit>
		<Unit filename="/home/dl/Project/mmdetection_libtorch/src/bbox/../../../../3rdparty/libtorch/share/cmake/Caffe2/Caffe2ConfigVersion.cmake">
			<Option virtualFolder="CMake Files\..\..\..\..\3rdparty\libtorch\share\cmake\Caffe2\"/>
		</Unit>
		<Unit filename="/home/dl/Project/mmdetection_libtorch/src/bbox/../../../../3rdparty/libtorch/share/cmake/Caffe2/Caffe2Targets-release.cmake">
			<Option virtualFolder="CMake Files\..\..\..\..\3rdparty\libtorch\share\cmake\Caffe2\"/>
		</Unit>
		<Unit filename="/home/dl/Project/mmdetection_libtorch/src/bbox/../../../../3rdparty/libtorch/share/cmake/Caffe2/Caffe2Targets.cmake">
			<Option virtualFolder="CMake Files\..\..\..\..\3rdparty\libtorch\share\cmake\Caffe2\"/>
		</Unit>
		<Unit filename="/home/dl/Project/mmdetection_libtorch/src/bbox/../../../../3rdparty/libtorch/share/cmake/Caffe2/public/cuda.cmake">
			<Option virtualFolder="CMake Files\..\..\..\..\3rdparty\libtorch\share\cmake\Caffe2\public\"/>
		</Unit>
		<Unit filename="/home/dl/Project/mmdetection_libtorch/src/bbox/../../../../3rdparty/libtorch/share/cmake/Caffe2/public/mkl.cmake">
			<Option virtualFolder="CMake Files\..\..\..\..\3rdparty\libtorch\share\cmake\Caffe2\public\"/>
		</Unit>
		<Unit filename="/home/dl/Project/mmdetection_libtorch/src/bbox/../../../../3rdparty/libtorch/share/cmake/Caffe2/public/mkldnn.cmake">
			<Option virtualFolder="CMake Files\..\..\..\..\3rdparty\libtorch\share\cmake\Caffe2\public\"/>
		</Unit>
		<Unit filename="/home/dl/Project/mmdetection_libtorch/src/bbox/../../../../3rdparty/libtorch/share/cmake/Caffe2/public/threads.cmake">
			<Option virtualFolder="CMake Files\..\..\..\..\3rdparty\libtorch\share\cmake\Caffe2\public\"/>
		</Unit>
		<Unit filename="/home/dl/Project/mmdetection_libtorch/src/bbox/../../../../3rdparty/libtorch/share/cmake/Caffe2/public/utils.cmake">
			<Option virtualFolder="CMake Files\..\..\..\..\3rdparty\libtorch\share\cmake\Caffe2\public\"/>
		</Unit>
		<Unit filename="/home/dl/Project/mmdetection_libtorch/src/bbox/../../../../3rdparty/libtorch/share/cmake/Caffe2/Modules_CUDA_fix/FindCUDA.cmake">
			<Option virtualFolder="CMake Files\..\..\..\..\3rdparty\libtorch\share\cmake\Caffe2\Modules_CUDA_fix\"/>
		</Unit>
		<Unit filename="/home/dl/Project/mmdetection_libtorch/src/bbox/../../../../3rdparty/libtorch/share/cmake/Caffe2/Modules_CUDA_fix/FindCUDNN.cmake">
			<Option virtualFolder="CMake Files\..\..\..\..\3rdparty\libtorch\share\cmake\Caffe2\Modules_CUDA_fix\"/>
		</Unit>
		<Unit filename="/home/dl/Project/mmdetection_libtorch/src/bbox/../../../../3rdparty/libtorch/share/cmake/Caffe2/Modules_CUDA_fix/upstream/CMakeInitializeConfigs.cmake">
			<Option virtualFolder="CMake Files\..\..\..\..\3rdparty\libtorch\share\cmake\Caffe2\Modules_CUDA_fix\upstream\"/>
		</Unit>
		<Unit filename="/home/dl/Project/mmdetection_libtorch/src/bbox/../../../../3rdparty/libtorch/share/cmake/Caffe2/Modules_CUDA_fix/upstream/FindCUDA.cmake">
			<Option virtualFolder="CMake Files\..\..\..\..\3rdparty\libtorch\share\cmake\Caffe2\Modules_CUDA_fix\upstream\"/>
		</Unit>
		<Unit filename="/home/dl/Project/mmdetection_libtorch/src/bbox/../../../../3rdparty/libtorch/share/cmake/Caffe2/Modules_CUDA_fix/upstream/FindPackageHandleStandardArgs.cmake">
			<Option virtualFolder="CMake Files\..\..\..\..\3rdparty\libtorch\share\cmake\Caffe2\Modules_CUDA_fix\upstream\"/>
		</Unit>
		<Unit filename="/home/dl/Project/mmdetection_libtorch/src/bbox/../../../../3rdparty/libtorch/share/cmake/Caffe2/Modules_CUDA_fix/upstream/FindPackageMessage.cmake">
			<Option virtualFolder="CMake Files\..\..\..\..\3rdparty\libtorch\share\cmake\Caffe2\Modules_CUDA_fix\upstream\"/>
		</Unit>
		<Unit filename="/home/dl/Project/mmdetection_libtorch/src/bbox/../../../../3rdparty/libtorch/share/cmake/Caffe2/Modules_CUDA_fix/upstream/FindCUDA/run_nvcc.cmake">
			<Option virtualFolder="CMake Files\..\..\..\..\3rdparty\libtorch\share\cmake\Caffe2\Modules_CUDA_fix\upstream\FindCUDA\"/>
		</Unit>
		<Unit filename="/home/dl/Project/mmdetection_libtorch/src/bbox/../../../../3rdparty/libtorch/share/cmake/Caffe2/Modules_CUDA_fix/upstream/FindCUDA/select_compute_arch.cmake">
			<Option virtualFolder="CMake Files\..\..\..\..\3rdparty\libtorch\share\cmake\Caffe2\Modules_CUDA_fix\upstream\FindCUDA\"/>
		</Unit>
	</Project>
</CodeBlocks_project_file>
